
Microsoft Visual Studio Solution File, Format Version 12.00
# Visual Studio Version 17
VisualStudioVersion = 17.11.35222.181
MinimumVisualStudioVersion = 10.0.40219.1
Project("{FAE04EC0-301F-11D3-BF4B-00C04F79EFBC}") = "Lab4", "Lab4\Lab4.csproj", "{DE1FA906-740B-44A9-AF28-DA4C667E7A37}"
EndProject
Global
	GlobalSection(SolutionConfigurationPlatforms) = preSolution
		Debug|Any CPU = Debug|Any CPU
		Release|Any CPU = Release|Any CPU
	EndGlobalSection
	GlobalSection(ProjectConfigurationPlatforms) = postSolution
		{DE1FA906-740B-44A9-AF28-DA4C667E7A37}.Debug|Any CPU.ActiveCfg = Debug|Any CPU
		{DE1FA906-740B-44A9-AF28-DA4C667E7A37}.Debug|Any CPU.Build.0 = Debug|Any CPU
		{DE1FA906-740B-44A9-AF28-DA4C667E7A37}.Release|Any CPU.ActiveCfg = Release|Any CPU
		{DE1FA906-740B-44A9-AF28-DA4C667E7A37}.Release|Any CPU.Build.0 = Release|Any CPU
	EndGlobalSection
	GlobalSection(SolutionProperties) = preSolution
		HideSolutionNode = FALSE
	EndGlobalSection
	GlobalSection(ExtensibilityGlobals) = postSolution
		SolutionGuid = {23A96B77-1A63-4A48-8F06-890E7A097823}
	EndGlobalSection
EndGlobal
